
Microsoft Visual Studio Solution File, Format Version 12.00
# Visual Studio Version 16
VisualStudioVersion = 16.0.808.10
MinimumVisualStudioVersion = 10.0.40219.1
Project("{FAE04EC0-301F-11D3-BF4B-00C04F79EFBC}") = "com.vreshly", "com.vreshly\com.vreshly.csproj", "{D13B51E9-337B-42DA-AFE1-244C873D4D7B}"
EndProject
Project("{FAE04EC0-301F-11D3-BF4B-00C04F79EFBC}") = "BLL", "BLL\BLL.csproj", "{2A8ABBAA-A01D-4D1F-B84B-21A03CCAF06B}"
EndProject
Global
	GlobalSection(SolutionConfigurationPlatforms) = preSolution
		Debug|Any CPU = Debug|Any CPU
		Release|Any CPU = Release|Any CPU
	EndGlobalSection
	GlobalSection(ProjectConfigurationPlatforms) = postSolution
		{D13B51E9-337B-42DA-AFE1-244C873D4D7B}.Debug|Any CPU.ActiveCfg = Debug|Any CPU
		{D13B51E9-337B-42DA-AFE1-244C873D4D7B}.Debug|Any CPU.Build.0 = Debug|Any CPU
		{D13B51E9-337B-42DA-AFE1-244C873D4D7B}.Release|Any CPU.ActiveCfg = Release|Any CPU
		{D13B51E9-337B-42DA-AFE1-244C873D4D7B}.Release|Any CPU.Build.0 = Release|Any CPU
		{2A8ABBAA-A01D-4D1F-B84B-21A03CCAF06B}.Debug|Any CPU.ActiveCfg = Debug|Any CPU
		{2A8ABBAA-A01D-4D1F-B84B-21A03CCAF06B}.Debug|Any CPU.Build.0 = Debug|Any CPU
		{2A8ABBAA-A01D-4D1F-B84B-21A03CCAF06B}.Release|Any CPU.ActiveCfg = Release|Any CPU
		{2A8ABBAA-A01D-4D1F-B84B-21A03CCAF06B}.Release|Any CPU.Build.0 = Release|Any CPU
	EndGlobalSection
	GlobalSection(SolutionProperties) = preSolution
		HideSolutionNode = FALSE
	EndGlobalSection
	GlobalSection(ExtensibilityGlobals) = postSolution
		SolutionGuid = {3BA8E462-9951-4E25-9B23-BBBD23B79E63}
	EndGlobalSection
EndGlobal
